// !$*UTF8*$!
{
	archiveVersion = 1;
	classes = {
	};
	objectVersion = 56;
	objects = {

/* Begin PBXBuildFile section */
		C77893FD29414C89000FD862 /* PinballApp.swift in Sources */ = {isa = PBXBuildFile; fileRef = C77893FC29414C89000FD862 /* PinballApp.swift */; };
		C77893FF29414C89000FD862 /* GameView.swift in Sources */ = {isa = PBXBuildFile; fileRef = C77893FE29414C89000FD862 /* GameView.swift */; };
		C778940129414C8E000FD862 /* Assets.xcassets in Resources */ = {isa = PBXBuildFile; fileRef = C778940029414C8E000FD862 /* Assets.xcassets */; };
		C778940429414C8E000FD862 /* Preview Assets.xcassets in Resources */ = {isa = PBXBuildFile; fileRef = C778940329414C8E000FD862 /* Preview Assets.xcassets */; };
		C778940B29422877000FD862 /* World.swift in Sources */ = {isa = PBXBuildFile; fileRef = C778940A29422877000FD862 /* World.swift */; };
		C778940E29425A1C000FD862 /* Body.swift in Sources */ = {isa = PBXBuildFile; fileRef = C778940D29425A1C000FD862 /* Body.swift */; };
		C77894102944B633000FD862 /* CGVector.swift in Sources */ = {isa = PBXBuildFile; fileRef = C778940F2944B633000FD862 /* CGVector.swift */; };
		C77894132945BD06000FD862 /* Game.swift in Sources */ = {isa = PBXBuildFile; fileRef = C77894122945BD06000FD862 /* Game.swift */; };
		C77894172945CAE1000FD862 /* CollisionPoints.swift in Sources */ = {isa = PBXBuildFile; fileRef = C77894162945CAE1000FD862 /* CollisionPoints.swift */; };
		C77894192945CF64000FD862 /* Collider.swift in Sources */ = {isa = PBXBuildFile; fileRef = C77894182945CF64000FD862 /* Collider.swift */; };
		C778941B2945CF85000FD862 /* BallCollider.swift in Sources */ = {isa = PBXBuildFile; fileRef = C778941A2945CF85000FD862 /* BallCollider.swift */; };
		C778941D2945D019000FD862 /* PlaneCollider.swift in Sources */ = {isa = PBXBuildFile; fileRef = C778941C2945D019000FD862 /* PlaneCollider.swift */; };
		C778941F2945D8B7000FD862 /* Collision.swift in Sources */ = {isa = PBXBuildFile; fileRef = C778941E2945D8B7000FD862 /* Collision.swift */; };
		C778942629468205000FD862 /* CollisionDetector.swift in Sources */ = {isa = PBXBuildFile; fileRef = C778942529468205000FD862 /* CollisionDetector.swift */; };
/* End PBXBuildFile section */

/* Begin PBXFileReference section */
		C7725AF62947403100E496FA /* README.md */ = {isa = PBXFileReference; lastKnownFileType = net.daringfireball.markdown; path = README.md; sourceTree = "<group>"; };
		C77893F929414C89000FD862 /* Pinball.app */ = {isa = PBXFileReference; explicitFileType = wrapper.application; includeInIndex = 0; path = Pinball.app; sourceTree = BUILT_PRODUCTS_DIR; };
		C77893FC29414C89000FD862 /* PinballApp.swift */ = {isa = PBXFileReference; lastKnownFileType = sourcecode.swift; path = PinballApp.swift; sourceTree = "<group>"; };
		C77893FE29414C89000FD862 /* GameView.swift */ = {isa = PBXFileReference; lastKnownFileType = sourcecode.swift; path = GameView.swift; sourceTree = "<group>"; };
		C778940029414C8E000FD862 /* Assets.xcassets */ = {isa = PBXFileReference; lastKnownFileType = folder.assetcatalog; path = Assets.xcassets; sourceTree = "<group>"; };
		C778940329414C8E000FD862 /* Preview Assets.xcassets */ = {isa = PBXFileReference; lastKnownFileType = folder.assetcatalog; path = "Preview Assets.xcassets"; sourceTree = "<group>"; };
		C778940A29422877000FD862 /* World.swift */ = {isa = PBXFileReference; lastKnownFileType = sourcecode.swift; path = World.swift; sourceTree = "<group>"; };
		C778940D29425A1C000FD862 /* Body.swift */ = {isa = PBXFileReference; lastKnownFileType = sourcecode.swift; path = Body.swift; sourceTree = "<group>"; };
		C778940F2944B633000FD862 /* CGVector.swift */ = {isa = PBXFileReference; lastKnownFileType = sourcecode.swift; path = CGVector.swift; sourceTree = "<group>"; };
		C77894122945BD06000FD862 /* Game.swift */ = {isa = PBXFileReference; lastKnownFileType = sourcecode.swift; path = Game.swift; sourceTree = "<group>"; };
		C77894162945CAE1000FD862 /* CollisionPoints.swift */ = {isa = PBXFileReference; lastKnownFileType = sourcecode.swift; path = CollisionPoints.swift; sourceTree = "<group>"; };
		C77894182945CF64000FD862 /* Collider.swift */ = {isa = PBXFileReference; lastKnownFileType = sourcecode.swift; path = Collider.swift; sourceTree = "<group>"; };
		C778941A2945CF85000FD862 /* BallCollider.swift */ = {isa = PBXFileReference; lastKnownFileType = sourcecode.swift; path = BallCollider.swift; sourceTree = "<group>"; };
		C778941C2945D019000FD862 /* PlaneCollider.swift */ = {isa = PBXFileReference; lastKnownFileType = sourcecode.swift; path = PlaneCollider.swift; sourceTree = "<group>"; };
		C778941E2945D8B7000FD862 /* Collision.swift */ = {isa = PBXFileReference; lastKnownFileType = sourcecode.swift; path = Collision.swift; sourceTree = "<group>"; };
		C778942529468205000FD862 /* CollisionDetector.swift */ = {isa = PBXFileReference; lastKnownFileType = sourcecode.swift; path = CollisionDetector.swift; sourceTree = "<group>"; };
/* End PBXFileReference section */

/* Begin PBXFrameworksBuildPhase section */
		C77893F629414C89000FD862 /* Frameworks */ = {
			isa = PBXFrameworksBuildPhase;
			buildActionMask = 2147483647;
			files = (
			);
			runOnlyForDeploymentPostprocessing = 0;
		};
/* End PBXFrameworksBuildPhase section */

/* Begin PBXGroup section */
		C77893F029414C89000FD862 = {
			isa = PBXGroup;
			children = (
				C7725AF62947403100E496FA /* README.md */,
				C77893FB29414C89000FD862 /* Pinball */,
				C77893FA29414C89000FD862 /* Products */,
			);
			sourceTree = "<group>";
		};
		C77893FA29414C89000FD862 /* Products */ = {
			isa = PBXGroup;
			children = (
				C77893F929414C89000FD862 /* Pinball.app */,
			);
			name = Products;
			sourceTree = "<group>";
		};
		C77893FB29414C89000FD862 /* Pinball */ = {
			isa = PBXGroup;
			children = (
				C77893FC29414C89000FD862 /* PinballApp.swift */,
				C778940029414C8E000FD862 /* Assets.xcassets */,
				C77894152945BE4A000FD862 /* Views */,
				C77894142945BD0F000FD862 /* GameEngine */,
				C778940229414C8E000FD862 /* Preview Content */,
				C778940C29422885000FD862 /* PhysicsEngine */,
			);
			path = Pinball;
			sourceTree = "<group>";
		};
		C778940229414C8E000FD862 /* Preview Content */ = {
			isa = PBXGroup;
			children = (
				C778940329414C8E000FD862 /* Preview Assets.xcassets */,
			);
			path = "Preview Content";
			sourceTree = "<group>";
		};
		C778940C29422885000FD862 /* PhysicsEngine */ = {
			isa = PBXGroup;
			children = (
				C778940A29422877000FD862 /* World.swift */,
				C778940D29425A1C000FD862 /* Body.swift */,
				C7789422294673AD000FD862 /* Collisions */,
				C77894112944B63C000FD862 /* Utils */,
			);
			path = PhysicsEngine;
			sourceTree = "<group>";
		};
		C77894112944B63C000FD862 /* Utils */ = {
			isa = PBXGroup;
			children = (
				C778940F2944B633000FD862 /* CGVector.swift */,
			);
			path = Utils;
			sourceTree = "<group>";
		};
		C77894142945BD0F000FD862 /* GameEngine */ = {
			isa = PBXGroup;
			children = (
				C77894122945BD06000FD862 /* Game.swift */,
			);
			path = GameEngine;
			sourceTree = "<group>";
		};
		C77894152945BE4A000FD862 /* Views */ = {
			isa = PBXGroup;
			children = (
				C77893FE29414C89000FD862 /* GameView.swift */,
			);
			path = Views;
			sourceTree = "<group>";
		};
		C7789422294673AD000FD862 /* Collisions */ = {
			isa = PBXGroup;
			children = (
				C778941E2945D8B7000FD862 /* Collision.swift */,
				C77894162945CAE1000FD862 /* CollisionPoints.swift */,
				C77894182945CF64000FD862 /* Collider.swift */,
				C778941A2945CF85000FD862 /* BallCollider.swift */,
				C778941C2945D019000FD862 /* PlaneCollider.swift */,
				C778942529468205000FD862 /* CollisionDetector.swift */,
			);
			path = Collisions;
			sourceTree = "<group>";
		};
/* End PBXGroup section */

/* Begin PBXNativeTarget section */
		C77893F829414C89000FD862 /* Pinball */ = {
			isa = PBXNativeTarget;
			buildConfigurationList = C778940729414C8E000FD862 /* Build configuration list for PBXNativeTarget "Pinball" */;
			buildPhases = (
				C77893F529414C89000FD862 /* Sources */,
				C77893F629414C89000FD862 /* Frameworks */,
				C77893F729414C89000FD862 /* Resources */,
			);
			buildRules = (
			);
			dependencies = (
			);
			name = Pinball;
			productName = Pinball;
			productReference = C77893F929414C89000FD862 /* Pinball.app */;
			productType = "com.apple.product-type.application";
		};
/* End PBXNativeTarget section */

/* Begin PBXProject section */
		C77893F129414C89000FD862 /* Project object */ = {
			isa = PBXProject;
			attributes = {
				BuildIndependentTargetsInParallel = 1;
				LastSwiftUpdateCheck = 1410;
				LastUpgradeCheck = 1410;
				TargetAttributes = {
					C77893F829414C89000FD862 = {
						CreatedOnToolsVersion = 14.1;
					};
				};
			};
			buildConfigurationList = C77893F429414C89000FD862 /* Build configuration list for PBXProject "Pinball" */;
			compatibilityVersion = "Xcode 14.0";
			developmentRegion = en;
			hasScannedForEncodings = 0;
			knownRegions = (
				en,
				Base,
			);
			mainGroup = C77893F029414C89000FD862;
			productRefGroup = C77893FA29414C89000FD862 /* Products */;
			projectDirPath = "";
			projectRoot = "";
			targets = (
				C77893F829414C89000FD862 /* Pinball */,
			);
		};
/* End PBXProject section */

/* Begin PBXResourcesBuildPhase section */
		C77893F729414C89000FD862 /* Resources */ = {
			isa = PBXResourcesBuildPhase;
			buildActionMask = 2147483647;
			files = (
				C778940429414C8E000FD862 /* Preview Assets.xcassets in Resources */,
				C778940129414C8E000FD862 /* Assets.xcassets in Resources */,
			);
			runOnlyForDeploymentPostprocessing = 0;
		};
/* End PBXResourcesBuildPhase section */

/* Begin PBXSourcesBuildPhase section */
		C77893F529414C89000FD862 /* Sources */ = {
			isa = PBXSourcesBuildPhase;
			buildActionMask = 2147483647;
			files = (
				C778942629468205000FD862 /* CollisionDetector.swift in Sources */,
				C778941B2945CF85000FD862 /* BallCollider.swift in Sources */,
				C77893FF29414C89000FD862 /* GameView.swift in Sources */,
				C77894132945BD06000FD862 /* Game.swift in Sources */,
				C77893FD29414C89000FD862 /* PinballApp.swift in Sources */,
				C77894172945CAE1000FD862 /* CollisionPoints.swift in Sources */,
				C77894102944B633000FD862 /* CGVector.swift in Sources */,
				C778940B29422877000FD862 /* World.swift in Sources */,
				C778940E29425A1C000FD862 /* Body.swift in Sources */,
				C778941D2945D019000FD862 /* PlaneCollider.swift in Sources */,
				C778941F2945D8B7000FD862 /* Collision.swift in Sources */,
				C77894192945CF64000FD862 /* Collider.swift in Sources */,
			);
			runOnlyForDeploymentPostprocessing = 0;
		};
/* End PBXSourcesBuildPhase section */

/* Begin XCBuildConfiguration section */
		C778940529414C8E000FD862 /* Debug */ = {
			isa = XCBuildConfiguration;
			buildSettings = {
				ALWAYS_SEARCH_USER_PATHS = NO;
				CLANG_ANALYZER_NONNULL = YES;
				CLANG_ANALYZER_NUMBER_OBJECT_CONVERSION = YES_AGGRESSIVE;
				CLANG_CXX_LANGUAGE_STANDARD = "gnu++20";
				CLANG_ENABLE_MODULES = YES;
				CLANG_ENABLE_OBJC_ARC = YES;
				CLANG_ENABLE_OBJC_WEAK = YES;
				CLANG_WARN_BLOCK_CAPTURE_AUTORELEASING = YES;
				CLANG_WARN_BOOL_CONVERSION = YES;
				CLANG_WARN_COMMA = YES;
				CLANG_WARN_CONSTANT_CONVERSION = YES;
				CLANG_WARN_DEPRECATED_OBJC_IMPLEMENTATIONS = YES;
				CLANG_WARN_DIRECT_OBJC_ISA_USAGE = YES_ERROR;
				CLANG_WARN_DOCUMENTATION_COMMENTS = YES;
				CLANG_WARN_EMPTY_BODY = YES;
				CLANG_WARN_ENUM_CONVERSION = YES;
				CLANG_WARN_INFINITE_RECURSION = YES;
				CLANG_WARN_INT_CONVERSION = YES;
				CLANG_WARN_NON_LITERAL_NULL_CONVERSION = YES;
				CLANG_WARN_OBJC_IMPLICIT_RETAIN_SELF = YES;
				CLANG_WARN_OBJC_LITERAL_CONVERSION = YES;
				CLANG_WARN_OBJC_ROOT_CLASS = YES_ERROR;
				CLANG_WARN_QUOTED_INCLUDE_IN_FRAMEWORK_HEADER = YES;
				CLANG_WARN_RANGE_LOOP_ANALYSIS = YES;
				CLANG_WARN_STRICT_PROTOTYPES = YES;
				CLANG_WARN_SUSPICIOUS_MOVE = YES;
				CLANG_WARN_UNGUARDED_AVAILABILITY = YES_AGGRESSIVE;
				CLANG_WARN_UNREACHABLE_CODE = YES;
				CLANG_WARN__DUPLICATE_METHOD_MATCH = YES;
				COPY_PHASE_STRIP = NO;
				DEBUG_INFORMATION_FORMAT = dwarf;
				ENABLE_STRICT_OBJC_MSGSEND = YES;
				ENABLE_TESTABILITY = YES;
				GCC_C_LANGUAGE_STANDARD = gnu11;
				GCC_DYNAMIC_NO_PIC = NO;
				GCC_NO_COMMON_BLOCKS = YES;
				GCC_OPTIMIZATION_LEVEL = 0;
				GCC_PREPROCESSOR_DEFINITIONS = (
					"DEBUG=1",
					"$(inherited)",
				);
				GCC_WARN_64_TO_32_BIT_CONVERSION = YES;
				GCC_WARN_ABOUT_RETURN_TYPE = YES_ERROR;
				GCC_WARN_UNDECLARED_SELECTOR = YES;
				GCC_WARN_UNINITIALIZED_AUTOS = YES_AGGRESSIVE;
				GCC_WARN_UNUSED_FUNCTION = YES;
				GCC_WARN_UNUSED_VARIABLE = YES;
				IPHONEOS_DEPLOYMENT_TARGET = 16.1;
				MTL_ENABLE_DEBUG_INFO = INCLUDE_SOURCE;
				MTL_FAST_MATH = YES;
				ONLY_ACTIVE_ARCH = YES;
				SDKROOT = iphoneos;
				SWIFT_ACTIVE_COMPILATION_CONDITIONS = DEBUG;
				SWIFT_OPTIMIZATION_LEVEL = "-Onone";
			};
			name = Debug;
		};
		C778940629414C8E000FD862 /* Release */ = {
			isa = XCBuildConfiguration;
			buildSettings = {
				ALWAYS_SEARCH_USER_PATHS = NO;
				CLANG_ANALYZER_NONNULL = YES;
				CLANG_ANALYZER_NUMBER_OBJECT_CONVERSION = YES_AGGRESSIVE;
				CLANG_CXX_LANGUAGE_STANDARD = "gnu++20";
				CLANG_ENABLE_MODULES = YES;
				CLANG_ENABLE_OBJC_ARC = YES;
				CLANG_ENABLE_OBJC_WEAK = YES;
				CLANG_WARN_BLOCK_CAPTURE_AUTORELEASING = YES;
				CLANG_WARN_BOOL_CONVERSION = YES;
				CLANG_WARN_COMMA = YES;
				CLANG_WARN_CONSTANT_CONVERSION = YES;
				CLANG_WARN_DEPRECATED_OBJC_IMPLEMENTATIONS = YES;
				CLANG_WARN_DIRECT_OBJC_ISA_USAGE = YES_ERROR;
				CLANG_WARN_DOCUMENTATION_COMMENTS = YES;
				CLANG_WARN_EMPTY_BODY = YES;
				CLANG_WARN_ENUM_CONVERSION = YES;
				CLANG_WARN_INFINITE_RECURSION = YES;
				CLANG_WARN_INT_CONVERSION = YES;
				CLANG_WARN_NON_LITERAL_NULL_CONVERSION = YES;
				CLANG_WARN_OBJC_IMPLICIT_RETAIN_SELF = YES;
				CLANG_WARN_OBJC_LITERAL_CONVERSION = YES;
				CLANG_WARN_OBJC_ROOT_CLASS = YES_ERROR;
				CLANG_WARN_QUOTED_INCLUDE_IN_FRAMEWORK_HEADER = YES;
				CLANG_WARN_RANGE_LOOP_ANALYSIS = YES;
				CLANG_WARN_STRICT_PROTOTYPES = YES;
				CLANG_WARN_SUSPICIOUS_MOVE = YES;
				CLANG_WARN_UNGUARDED_AVAILABILITY = YES_AGGRESSIVE;
				CLANG_WARN_UNREACHABLE_CODE = YES;
				CLANG_WARN__DUPLICATE_METHOD_MATCH = YES;
				COPY_PHASE_STRIP = NO;
				DEBUG_INFORMATION_FORMAT = "dwarf-with-dsym";
				ENABLE_NS_ASSERTIONS = NO;
				ENABLE_STRICT_OBJC_MSGSEND = YES;
				GCC_C_LANGUAGE_STANDARD = gnu11;
				GCC_NO_COMMON_BLOCKS = YES;
				GCC_WARN_64_TO_32_BIT_CONVERSION = YES;
				GCC_WARN_ABOUT_RETURN_TYPE = YES_ERROR;
				GCC_WARN_UNDECLARED_SELECTOR = YES;
				GCC_WARN_UNINITIALIZED_AUTOS = YES_AGGRESSIVE;
				GCC_WARN_UNUSED_FUNCTION = YES;
				GCC_WARN_UNUSED_VARIABLE = YES;
				IPHONEOS_DEPLOYMENT_TARGET = 16.1;
				MTL_ENABLE_DEBUG_INFO = NO;
				MTL_FAST_MATH = YES;
				SDKROOT = iphoneos;
				SWIFT_COMPILATION_MODE = wholemodule;
				SWIFT_OPTIMIZATION_LEVEL = "-O";
				VALIDATE_PRODUCT = YES;
			};
			name = Release;
		};
		C778940829414C8E000FD862 /* Debug */ = {
			isa = XCBuildConfiguration;
			buildSettings = {
				ASSETCATALOG_COMPILER_APPICON_NAME = AppIcon;
				ASSETCATALOG_COMPILER_GLOBAL_ACCENT_COLOR_NAME = AccentColor;
				CODE_SIGN_STYLE = Automatic;
				CURRENT_PROJECT_VERSION = 1;
				DEVELOPMENT_ASSET_PATHS = "\"Pinball/Preview Content\"";
				DEVELOPMENT_TEAM = P3QLTH5V5D;
				ENABLE_PREVIEWS = YES;
				GENERATE_INFOPLIST_FILE = YES;
				INFOPLIST_KEY_UIApplicationSceneManifest_Generation = YES;
				INFOPLIST_KEY_UIApplicationSupportsIndirectInputEvents = YES;
				INFOPLIST_KEY_UILaunchScreen_Generation = YES;
				INFOPLIST_KEY_UISupportedInterfaceOrientations_iPad = "UIInterfaceOrientationPortrait UIInterfaceOrientationPortraitUpsideDown UIInterfaceOrientationLandscapeLeft UIInterfaceOrientationLandscapeRight";
				INFOPLIST_KEY_UISupportedInterfaceOrientations_iPhone = "UIInterfaceOrientationPortrait UIInterfaceOrientationLandscapeLeft UIInterfaceOrientationLandscapeRight";
				LD_RUNPATH_SEARCH_PATHS = (
					"$(inherited)",
					"@executable_path/Frameworks",
				);
				MARKETING_VERSION = 1.0;
				PRODUCT_BUNDLE_IDENTIFIER = "Charisma-Kausar.Pinball";
				PRODUCT_NAME = "$(TARGET_NAME)";
				SWIFT_EMIT_LOC_STRINGS = YES;
				SWIFT_VERSION = 5.0;
				TARGETED_DEVICE_FAMILY = "1,2";
			};
			name = Debug;
		};
		C778940929414C8E000FD862 /* Release */ = {
			isa = XCBuildConfiguration;
			buildSettings = {
				ASSETCATALOG_COMPILER_APPICON_NAME = AppIcon;
				ASSETCATALOG_COMPILER_GLOBAL_ACCENT_COLOR_NAME = AccentColor;
				CODE_SIGN_STYLE = Automatic;
				CURRENT_PROJECT_VERSION = 1;
				DEVELOPMENT_ASSET_PATHS = "\"Pinball/Preview Content\"";
				DEVELOPMENT_TEAM = P3QLTH5V5D;
				ENABLE_PREVIEWS = YES;
				GENERATE_INFOPLIST_FILE = YES;
				INFOPLIST_KEY_UIApplicationSceneManifest_Generation = YES;
				INFOPLIST_KEY_UIApplicationSupportsIndirectInputEvents = YES;
				INFOPLIST_KEY_UILaunchScreen_Generation = YES;
				INFOPLIST_KEY_UISupportedInterfaceOrientations_iPad = "UIInterfaceOrientationPortrait UIInterfaceOrientationPortraitUpsideDown UIInterfaceOrientationLandscapeLeft UIInterfaceOrientationLandscapeRight";
				INFOPLIST_KEY_UISupportedInterfaceOrientations_iPhone = "UIInterfaceOrientationPortrait UIInterfaceOrientationLandscapeLeft UIInterfaceOrientationLandscapeRight";
				LD_RUNPATH_SEARCH_PATHS = (
					"$(inherited)",
					"@executable_path/Frameworks",
				);
				MARKETING_VERSION = 1.0;
				PRODUCT_BUNDLE_IDENTIFIER = "Charisma-Kausar.Pinball";
				PRODUCT_NAME = "$(TARGET_NAME)";
				SWIFT_EMIT_LOC_STRINGS = YES;
				SWIFT_VERSION = 5.0;
				TARGETED_DEVICE_FAMILY = "1,2";
			};
			name = Release;
		};
/* End XCBuildConfiguration section */

/* Begin XCConfigurationList section */
		C77893F429414C89000FD862 /* Build configuration list for PBXProject "Pinball" */ = {
			isa = XCConfigurationList;
			buildConfigurations = (
				C778940529414C8E000FD862 /* Debug */,
				C778940629414C8E000FD862 /* Release */,
			);
			defaultConfigurationIsVisible = 0;
			defaultConfigurationName = Release;
		};
		C778940729414C8E000FD862 /* Build configuration list for PBXNativeTarget "Pinball" */ = {
			isa = XCConfigurationList;
			buildConfigurations = (
				C778940829414C8E000FD862 /* Debug */,
				C778940929414C8E000FD862 /* Release */,
			);
			defaultConfigurationIsVisible = 0;
			defaultConfigurationName = Release;
		};
/* End XCConfigurationList section */
	};
	rootObject = C77893F129414C89000FD862 /* Project object */;
}
